
Microsoft Visual Studio Solution File, Format Version 12.00
# Visual Studio 15
VisualStudioVersion = 15.0.28010.2003
MinimumVisualStudioVersion = 10.0.40219.1
Project("{FAE04EC0-301F-11D3-BF4B-00C04F79EFBC}") = "Delegate", "Delegate\Delegate.csproj", "{59393BFA-35BA-4C8E-A2B0-A3A21A8E83F3}"
EndProject
Project("{FAE04EC0-301F-11D3-BF4B-00C04F79EFBC}") = "Attribute", "Attribute\Attribute.csproj", "{227A3C7C-7136-4D5B-AF80-B87E0201F661}"
EndProject
Project("{FAE04EC0-301F-11D3-BF4B-00C04F79EFBC}") = "Aggregate", "Aggregate\Aggregate.csproj", "{B6C954B1-0102-4DD1-84FC-1CB19ECF2957}"
EndProject
Project("{FAE04EC0-301F-11D3-BF4B-00C04F79EFBC}") = "Demo", "Demo\Demo.csproj", "{B21B4789-0B7A-4EA3-82B3-ADB6E1811F69}"
EndProject
Project("{FAE04EC0-301F-11D3-BF4B-00C04F79EFBC}") = "HtmlConvert", "HtmlConvert\HtmlConvert.csproj", "{7B820AF3-ED1C-40D1-9AE6-0B1898F4301C}"
EndProject
Project("{FAE04EC0-301F-11D3-BF4B-00C04F79EFBC}") = "Events", "Events\Events.csproj", "{49CD19F0-B642-404C-BC1F-08084552C593}"
EndProject
Project("{FAE04EC0-301F-11D3-BF4B-00C04F79EFBC}") = "Inherit", "Inherit\Inherit.csproj", "{18F88A60-4F37-4A53-A998-2942CA5318FB}"
EndProject
Project("{FAE04EC0-301F-11D3-BF4B-00C04F79EFBC}") = "IsAssignableFrom", "IsAssignableFrom\IsAssignableFrom.csproj", "{629239ED-5BC3-4E6C-81FB-540BE33BE3FA}"
EndProject
Project("{FAE04EC0-301F-11D3-BF4B-00C04F79EFBC}") = "BasicKnowLedge", "BasicKnowLedge\BasicKnowLedge.csproj", "{1E4E6D38-E449-4A3C-8B0B-F7D289784D8A}"
EndProject
Project("{FAE04EC0-301F-11D3-BF4B-00C04F79EFBC}") = "Reflect", "Reflect\Reflect.csproj", "{B729DD5E-7AF9-4962-BF03-CF099E99908A}"
EndProject
Project("{FAE04EC0-301F-11D3-BF4B-00C04F79EFBC}") = "Regex_", "Regex\Regex_.csproj", "{80DDFAB3-0F2B-4799-BBC4-77F1915FDFF9}"
EndProject
Project("{FAE04EC0-301F-11D3-BF4B-00C04F79EFBC}") = "Jsons", "Jsons\Jsons.csproj", "{0CB68121-6E82-4567-815C-D8BDA25587FA}"
EndProject
Project("{FAE04EC0-301F-11D3-BF4B-00C04F79EFBC}") = "IEnumerableOrIEnumerator", "IEnumerableOrIEnumerator\IEnumerableOrIEnumerator.csproj", "{E5B66AEE-8165-4213-B7D6-7D26B8C7D32F}"
EndProject
Project("{FAE04EC0-301F-11D3-BF4B-00C04F79EFBC}") = "Autofac", "Autofac\Autofac.csproj", "{A66ECFC2-95B6-4831-BAC1-F1364EBBCE99}"
EndProject
Project("{FAE04EC0-301F-11D3-BF4B-00C04F79EFBC}") = "ASync", "ASync\ASync.csproj", "{1BA220B7-A9D7-498D-8373-D95554309ED4}"
EndProject
Project("{FAE04EC0-301F-11D3-BF4B-00C04F79EFBC}") = "EnumTest", "Enum.cs\EnumTest.csproj", "{07FAAE35-0093-4563-B0D2-4FD618697BB1}"
EndProject
Project("{FAE04EC0-301F-11D3-BF4B-00C04F79EFBC}") = "DependencyInjection", "DependencyInjection\DependencyInjection.csproj", "{9CB1A112-9369-4D43-8596-BAB74F8A6A8C}"
EndProject
Project("{FAE04EC0-301F-11D3-BF4B-00C04F79EFBC}") = "LamdaTest", "LamdaTest\LamdaTest.csproj", "{3F24B0AA-E6E7-4D8F-B39D-3049B5DC82F4}"
EndProject
Project("{FAE04EC0-301F-11D3-BF4B-00C04F79EFBC}") = "SystemIOFile", "SystemIOFile\SystemIOFile.csproj", "{46BFC9A8-E272-47ED-8C66-BE204FA7AA30}"
EndProject
Project("{FAE04EC0-301F-11D3-BF4B-00C04F79EFBC}") = "XunitTest.cs", "XunitTest.cs\XunitTest.cs.csproj", "{AA6B3630-B52E-4249-9161-ADCBEC1BA56F}"
EndProject
Project("{FAE04EC0-301F-11D3-BF4B-00C04F79EFBC}") = "Reflect1.cs", "Reflect1.cs\Reflect1.cs.csproj", "{EE194ECA-5F76-4D03-8187-6108ECC8C870}"
EndProject
Project("{FAE04EC0-301F-11D3-BF4B-00C04F79EFBC}") = "Reflect2.cs", "Reflect2.cs\Reflect2.cs.csproj", "{35829BCA-CA41-4157-A477-8F5433630B43}"
EndProject
Global
	GlobalSection(SolutionConfigurationPlatforms) = preSolution
		Debug|Any CPU = Debug|Any CPU
		Release|Any CPU = Release|Any CPU
	EndGlobalSection
	GlobalSection(ProjectConfigurationPlatforms) = postSolution
		{59393BFA-35BA-4C8E-A2B0-A3A21A8E83F3}.Debug|Any CPU.ActiveCfg = Debug|Any CPU
		{59393BFA-35BA-4C8E-A2B0-A3A21A8E83F3}.Debug|Any CPU.Build.0 = Debug|Any CPU
		{59393BFA-35BA-4C8E-A2B0-A3A21A8E83F3}.Release|Any CPU.ActiveCfg = Release|Any CPU
		{59393BFA-35BA-4C8E-A2B0-A3A21A8E83F3}.Release|Any CPU.Build.0 = Release|Any CPU
		{227A3C7C-7136-4D5B-AF80-B87E0201F661}.Debug|Any CPU.ActiveCfg = Debug|Any CPU
		{227A3C7C-7136-4D5B-AF80-B87E0201F661}.Debug|Any CPU.Build.0 = Debug|Any CPU
		{227A3C7C-7136-4D5B-AF80-B87E0201F661}.Release|Any CPU.ActiveCfg = Release|Any CPU
		{227A3C7C-7136-4D5B-AF80-B87E0201F661}.Release|Any CPU.Build.0 = Release|Any CPU
		{B6C954B1-0102-4DD1-84FC-1CB19ECF2957}.Debug|Any CPU.ActiveCfg = Debug|Any CPU
		{B6C954B1-0102-4DD1-84FC-1CB19ECF2957}.Debug|Any CPU.Build.0 = Debug|Any CPU
		{B6C954B1-0102-4DD1-84FC-1CB19ECF2957}.Release|Any CPU.ActiveCfg = Release|Any CPU
		{B6C954B1-0102-4DD1-84FC-1CB19ECF2957}.Release|Any CPU.Build.0 = Release|Any CPU
		{B21B4789-0B7A-4EA3-82B3-ADB6E1811F69}.Debug|Any CPU.ActiveCfg = Debug|Any CPU
		{B21B4789-0B7A-4EA3-82B3-ADB6E1811F69}.Debug|Any CPU.Build.0 = Debug|Any CPU
		{B21B4789-0B7A-4EA3-82B3-ADB6E1811F69}.Release|Any CPU.ActiveCfg = Release|Any CPU
		{B21B4789-0B7A-4EA3-82B3-ADB6E1811F69}.Release|Any CPU.Build.0 = Release|Any CPU
		{7B820AF3-ED1C-40D1-9AE6-0B1898F4301C}.Debug|Any CPU.ActiveCfg = Debug|Any CPU
		{7B820AF3-ED1C-40D1-9AE6-0B1898F4301C}.Debug|Any CPU.Build.0 = Debug|Any CPU
		{7B820AF3-ED1C-40D1-9AE6-0B1898F4301C}.Release|Any CPU.ActiveCfg = Release|Any CPU
		{7B820AF3-ED1C-40D1-9AE6-0B1898F4301C}.Release|Any CPU.Build.0 = Release|Any CPU
		{49CD19F0-B642-404C-BC1F-08084552C593}.Debug|Any CPU.ActiveCfg = Debug|Any CPU
		{49CD19F0-B642-404C-BC1F-08084552C593}.Debug|Any CPU.Build.0 = Debug|Any CPU
		{49CD19F0-B642-404C-BC1F-08084552C593}.Release|Any CPU.ActiveCfg = Release|Any CPU
		{49CD19F0-B642-404C-BC1F-08084552C593}.Release|Any CPU.Build.0 = Release|Any CPU
		{18F88A60-4F37-4A53-A998-2942CA5318FB}.Debug|Any CPU.ActiveCfg = Debug|Any CPU
		{18F88A60-4F37-4A53-A998-2942CA5318FB}.Debug|Any CPU.Build.0 = Debug|Any CPU
		{18F88A60-4F37-4A53-A998-2942CA5318FB}.Release|Any CPU.ActiveCfg = Release|Any CPU
		{18F88A60-4F37-4A53-A998-2942CA5318FB}.Release|Any CPU.Build.0 = Release|Any CPU
		{629239ED-5BC3-4E6C-81FB-540BE33BE3FA}.Debug|Any CPU.ActiveCfg = Debug|Any CPU
		{629239ED-5BC3-4E6C-81FB-540BE33BE3FA}.Debug|Any CPU.Build.0 = Debug|Any CPU
		{629239ED-5BC3-4E6C-81FB-540BE33BE3FA}.Release|Any CPU.ActiveCfg = Release|Any CPU
		{629239ED-5BC3-4E6C-81FB-540BE33BE3FA}.Release|Any CPU.Build.0 = Release|Any CPU
		{1E4E6D38-E449-4A3C-8B0B-F7D289784D8A}.Debug|Any CPU.ActiveCfg = Debug|Any CPU
		{1E4E6D38-E449-4A3C-8B0B-F7D289784D8A}.Debug|Any CPU.Build.0 = Debug|Any CPU
		{1E4E6D38-E449-4A3C-8B0B-F7D289784D8A}.Release|Any CPU.ActiveCfg = Release|Any CPU
		{1E4E6D38-E449-4A3C-8B0B-F7D289784D8A}.Release|Any CPU.Build.0 = Release|Any CPU
		{B729DD5E-7AF9-4962-BF03-CF099E99908A}.Debug|Any CPU.ActiveCfg = Debug|Any CPU
		{B729DD5E-7AF9-4962-BF03-CF099E99908A}.Debug|Any CPU.Build.0 = Debug|Any CPU
		{B729DD5E-7AF9-4962-BF03-CF099E99908A}.Release|Any CPU.ActiveCfg = Release|Any CPU
		{B729DD5E-7AF9-4962-BF03-CF099E99908A}.Release|Any CPU.Build.0 = Release|Any CPU
		{80DDFAB3-0F2B-4799-BBC4-77F1915FDFF9}.Debug|Any CPU.ActiveCfg = Debug|Any CPU
		{80DDFAB3-0F2B-4799-BBC4-77F1915FDFF9}.Debug|Any CPU.Build.0 = Debug|Any CPU
		{80DDFAB3-0F2B-4799-BBC4-77F1915FDFF9}.Release|Any CPU.ActiveCfg = Release|Any CPU
		{80DDFAB3-0F2B-4799-BBC4-77F1915FDFF9}.Release|Any CPU.Build.0 = Release|Any CPU
		{0CB68121-6E82-4567-815C-D8BDA25587FA}.Debug|Any CPU.ActiveCfg = Debug|Any CPU
		{0CB68121-6E82-4567-815C-D8BDA25587FA}.Debug|Any CPU.Build.0 = Debug|Any CPU
		{0CB68121-6E82-4567-815C-D8BDA25587FA}.Release|Any CPU.ActiveCfg = Release|Any CPU
		{0CB68121-6E82-4567-815C-D8BDA25587FA}.Release|Any CPU.Build.0 = Release|Any CPU
		{E5B66AEE-8165-4213-B7D6-7D26B8C7D32F}.Debug|Any CPU.ActiveCfg = Debug|Any CPU
		{E5B66AEE-8165-4213-B7D6-7D26B8C7D32F}.Debug|Any CPU.Build.0 = Debug|Any CPU
		{E5B66AEE-8165-4213-B7D6-7D26B8C7D32F}.Release|Any CPU.ActiveCfg = Release|Any CPU
		{E5B66AEE-8165-4213-B7D6-7D26B8C7D32F}.Release|Any CPU.Build.0 = Release|Any CPU
		{A66ECFC2-95B6-4831-BAC1-F1364EBBCE99}.Debug|Any CPU.ActiveCfg = Debug|Any CPU
		{A66ECFC2-95B6-4831-BAC1-F1364EBBCE99}.Debug|Any CPU.Build.0 = Debug|Any CPU
		{A66ECFC2-95B6-4831-BAC1-F1364EBBCE99}.Release|Any CPU.ActiveCfg = Release|Any CPU
		{A66ECFC2-95B6-4831-BAC1-F1364EBBCE99}.Release|Any CPU.Build.0 = Release|Any CPU
		{1BA220B7-A9D7-498D-8373-D95554309ED4}.Debug|Any CPU.ActiveCfg = Debug|Any CPU
		{1BA220B7-A9D7-498D-8373-D95554309ED4}.Debug|Any CPU.Build.0 = Debug|Any CPU
		{1BA220B7-A9D7-498D-8373-D95554309ED4}.Release|Any CPU.ActiveCfg = Release|Any CPU
		{1BA220B7-A9D7-498D-8373-D95554309ED4}.Release|Any CPU.Build.0 = Release|Any CPU
		{07FAAE35-0093-4563-B0D2-4FD618697BB1}.Debug|Any CPU.ActiveCfg = Debug|Any CPU
		{07FAAE35-0093-4563-B0D2-4FD618697BB1}.Debug|Any CPU.Build.0 = Debug|Any CPU
		{07FAAE35-0093-4563-B0D2-4FD618697BB1}.Release|Any CPU.ActiveCfg = Release|Any CPU
		{07FAAE35-0093-4563-B0D2-4FD618697BB1}.Release|Any CPU.Build.0 = Release|Any CPU
		{9CB1A112-9369-4D43-8596-BAB74F8A6A8C}.Debug|Any CPU.ActiveCfg = Debug|Any CPU
		{9CB1A112-9369-4D43-8596-BAB74F8A6A8C}.Debug|Any CPU.Build.0 = Debug|Any CPU
		{9CB1A112-9369-4D43-8596-BAB74F8A6A8C}.Release|Any CPU.ActiveCfg = Release|Any CPU
		{9CB1A112-9369-4D43-8596-BAB74F8A6A8C}.Release|Any CPU.Build.0 = Release|Any CPU
		{3F24B0AA-E6E7-4D8F-B39D-3049B5DC82F4}.Debug|Any CPU.ActiveCfg = Debug|Any CPU
		{3F24B0AA-E6E7-4D8F-B39D-3049B5DC82F4}.Debug|Any CPU.Build.0 = Debug|Any CPU
		{3F24B0AA-E6E7-4D8F-B39D-3049B5DC82F4}.Release|Any CPU.ActiveCfg = Release|Any CPU
		{3F24B0AA-E6E7-4D8F-B39D-3049B5DC82F4}.Release|Any CPU.Build.0 = Release|Any CPU
		{46BFC9A8-E272-47ED-8C66-BE204FA7AA30}.Debug|Any CPU.ActiveCfg = Debug|Any CPU
		{46BFC9A8-E272-47ED-8C66-BE204FA7AA30}.Debug|Any CPU.Build.0 = Debug|Any CPU
		{46BFC9A8-E272-47ED-8C66-BE204FA7AA30}.Release|Any CPU.ActiveCfg = Release|Any CPU
		{46BFC9A8-E272-47ED-8C66-BE204FA7AA30}.Release|Any CPU.Build.0 = Release|Any CPU
		{AA6B3630-B52E-4249-9161-ADCBEC1BA56F}.Debug|Any CPU.ActiveCfg = Debug|Any CPU
		{AA6B3630-B52E-4249-9161-ADCBEC1BA56F}.Debug|Any CPU.Build.0 = Debug|Any CPU
		{AA6B3630-B52E-4249-9161-ADCBEC1BA56F}.Release|Any CPU.ActiveCfg = Release|Any CPU
		{AA6B3630-B52E-4249-9161-ADCBEC1BA56F}.Release|Any CPU.Build.0 = Release|Any CPU
		{EE194ECA-5F76-4D03-8187-6108ECC8C870}.Debug|Any CPU.ActiveCfg = Debug|Any CPU
		{EE194ECA-5F76-4D03-8187-6108ECC8C870}.Debug|Any CPU.Build.0 = Debug|Any CPU
		{EE194ECA-5F76-4D03-8187-6108ECC8C870}.Release|Any CPU.ActiveCfg = Release|Any CPU
		{EE194ECA-5F76-4D03-8187-6108ECC8C870}.Release|Any CPU.Build.0 = Release|Any CPU
		{35829BCA-CA41-4157-A477-8F5433630B43}.Debug|Any CPU.ActiveCfg = Debug|Any CPU
		{35829BCA-CA41-4157-A477-8F5433630B43}.Debug|Any CPU.Build.0 = Debug|Any CPU
		{35829BCA-CA41-4157-A477-8F5433630B43}.Release|Any CPU.ActiveCfg = Release|Any CPU
		{35829BCA-CA41-4157-A477-8F5433630B43}.Release|Any CPU.Build.0 = Release|Any CPU
	EndGlobalSection
	GlobalSection(SolutionProperties) = preSolution
		HideSolutionNode = FALSE
	EndGlobalSection
	GlobalSection(ExtensibilityGlobals) = postSolution
		SolutionGuid = {5DCA8A65-D71B-47C0-91BE-4596A21BC746}
	EndGlobalSection
EndGlobal
