
Microsoft Visual Studio Solution File, Format Version 12.00
# Visual Studio 14
VisualStudioVersion = 14.0.24720.0
MinimumVisualStudioVersion = 10.0.40219.1
Project("{FAE04EC0-301F-11D3-BF4B-00C04F79EFBC}") = "Delegate", "Delegate\Delegate.csproj", "{59393BFA-35BA-4C8E-A2B0-A3A21A8E83F3}"
EndProject
Project("{FAE04EC0-301F-11D3-BF4B-00C04F79EFBC}") = "Attribute", "Attribute\Attribute.csproj", "{227A3C7C-7136-4D5B-AF80-B87E0201F661}"
EndProject
Project("{FAE04EC0-301F-11D3-BF4B-00C04F79EFBC}") = "Aggregate", "Aggregate\Aggregate.csproj", "{B6C954B1-0102-4DD1-84FC-1CB19ECF2957}"
EndProject
Project("{FAE04EC0-301F-11D3-BF4B-00C04F79EFBC}") = "Demo", "Demo\Demo.csproj", "{B21B4789-0B7A-4EA3-82B3-ADB6E1811F69}"
EndProject
Project("{FAE04EC0-301F-11D3-BF4B-00C04F79EFBC}") = "HtmlConvert", "HtmlConvert\HtmlConvert.csproj", "{7B820AF3-ED1C-40D1-9AE6-0B1898F4301C}"
EndProject
Global
	GlobalSection(SolutionConfigurationPlatforms) = preSolution
		Debug|Any CPU = Debug|Any CPU
		Release|Any CPU = Release|Any CPU
	EndGlobalSection
	GlobalSection(ProjectConfigurationPlatforms) = postSolution
		{59393BFA-35BA-4C8E-A2B0-A3A21A8E83F3}.Debug|Any CPU.ActiveCfg = Debug|Any CPU
		{59393BFA-35BA-4C8E-A2B0-A3A21A8E83F3}.Debug|Any CPU.Build.0 = Debug|Any CPU
		{59393BFA-35BA-4C8E-A2B0-A3A21A8E83F3}.Release|Any CPU.ActiveCfg = Release|Any CPU
		{59393BFA-35BA-4C8E-A2B0-A3A21A8E83F3}.Release|Any CPU.Build.0 = Release|Any CPU
		{227A3C7C-7136-4D5B-AF80-B87E0201F661}.Debug|Any CPU.ActiveCfg = Debug|Any CPU
		{227A3C7C-7136-4D5B-AF80-B87E0201F661}.Debug|Any CPU.Build.0 = Debug|Any CPU
		{227A3C7C-7136-4D5B-AF80-B87E0201F661}.Release|Any CPU.ActiveCfg = Release|Any CPU
		{227A3C7C-7136-4D5B-AF80-B87E0201F661}.Release|Any CPU.Build.0 = Release|Any CPU
		{B6C954B1-0102-4DD1-84FC-1CB19ECF2957}.Debug|Any CPU.ActiveCfg = Debug|Any CPU
		{B6C954B1-0102-4DD1-84FC-1CB19ECF2957}.Debug|Any CPU.Build.0 = Debug|Any CPU
		{B6C954B1-0102-4DD1-84FC-1CB19ECF2957}.Release|Any CPU.ActiveCfg = Release|Any CPU
		{B6C954B1-0102-4DD1-84FC-1CB19ECF2957}.Release|Any CPU.Build.0 = Release|Any CPU
		{B21B4789-0B7A-4EA3-82B3-ADB6E1811F69}.Debug|Any CPU.ActiveCfg = Debug|Any CPU
		{B21B4789-0B7A-4EA3-82B3-ADB6E1811F69}.Debug|Any CPU.Build.0 = Debug|Any CPU
		{B21B4789-0B7A-4EA3-82B3-ADB6E1811F69}.Release|Any CPU.ActiveCfg = Release|Any CPU
		{B21B4789-0B7A-4EA3-82B3-ADB6E1811F69}.Release|Any CPU.Build.0 = Release|Any CPU
		{7B820AF3-ED1C-40D1-9AE6-0B1898F4301C}.Debug|Any CPU.ActiveCfg = Debug|Any CPU
		{7B820AF3-ED1C-40D1-9AE6-0B1898F4301C}.Debug|Any CPU.Build.0 = Debug|Any CPU
		{7B820AF3-ED1C-40D1-9AE6-0B1898F4301C}.Release|Any CPU.ActiveCfg = Release|Any CPU
		{7B820AF3-ED1C-40D1-9AE6-0B1898F4301C}.Release|Any CPU.Build.0 = Release|Any CPU
	EndGlobalSection
	GlobalSection(SolutionProperties) = preSolution
		HideSolutionNode = FALSE
	EndGlobalSection
EndGlobal
