
Microsoft Visual Studio Solution File, Format Version 12.00
# Visual Studio 14
VisualStudioVersion = 14.0.24720.0
MinimumVisualStudioVersion = 10.0.40219.1
Project("{FAE04EC0-301F-11D3-BF4B-00C04F79EFBC}") = "Delegate", "Delegate\Delegate.csproj", "{59393BFA-35BA-4C8E-A2B0-A3A21A8E83F3}"
EndProject
Project("{FAE04EC0-301F-11D3-BF4B-00C04F79EFBC}") = "Attribute", "Attribute\Attribute.csproj", "{227A3C7C-7136-4D5B-AF80-B87E0201F661}"
EndProject
Project("{FAE04EC0-301F-11D3-BF4B-00C04F79EFBC}") = "Aggregate", "Aggregate\Aggregate.csproj", "{B6C954B1-0102-4DD1-84FC-1CB19ECF2957}"
EndProject
Project("{FAE04EC0-301F-11D3-BF4B-00C04F79EFBC}") = "Demo", "Demo\Demo.csproj", "{B21B4789-0B7A-4EA3-82B3-ADB6E1811F69}"
EndProject
Project("{FAE04EC0-301F-11D3-BF4B-00C04F79EFBC}") = "HtmlConvert", "HtmlConvert\HtmlConvert.csproj", "{7B820AF3-ED1C-40D1-9AE6-0B1898F4301C}"
EndProject
Project("{FAE04EC0-301F-11D3-BF4B-00C04F79EFBC}") = "Events", "Events\Events.csproj", "{49CD19F0-B642-404C-BC1F-08084552C593}"
EndProject
Project("{FAE04EC0-301F-11D3-BF4B-00C04F79EFBC}") = "Inherit", "Inherit\Inherit.csproj", "{18F88A60-4F37-4A53-A998-2942CA5318FB}"
EndProject
Project("{FAE04EC0-301F-11D3-BF4B-00C04F79EFBC}") = "IsAssignableFrom", "IsAssignableFrom\IsAssignableFrom.csproj", "{629239ED-5BC3-4E6C-81FB-540BE33BE3FA}"
EndProject
Project("{FAE04EC0-301F-11D3-BF4B-00C04F79EFBC}") = "BasicKnowLedge", "BasicKnowLedge\BasicKnowLedge.csproj", "{1E4E6D38-E449-4A3C-8B0B-F7D289784D8A}"
EndProject
Project("{FAE04EC0-301F-11D3-BF4B-00C04F79EFBC}") = "Reflect", "Reflect\Reflect.csproj", "{B729DD5E-7AF9-4962-BF03-CF099E99908A}"
EndProject
Project("{FAE04EC0-301F-11D3-BF4B-00C04F79EFBC}") = "Regex_", "Regex\Regex_.csproj", "{80DDFAB3-0F2B-4799-BBC4-77F1915FDFF9}"
EndProject
Project("{FAE04EC0-301F-11D3-BF4B-00C04F79EFBC}") = "Jsons", "Jsons\Jsons.csproj", "{0CB68121-6E82-4567-815C-D8BDA25587FA}"
EndProject
Project("{FAE04EC0-301F-11D3-BF4B-00C04F79EFBC}") = "IEnumerableOrIEnumerator", "IEnumerableOrIEnumerator\IEnumerableOrIEnumerator.csproj", "{E5B66AEE-8165-4213-B7D6-7D26B8C7D32F}"
EndProject
Project("{FAE04EC0-301F-11D3-BF4B-00C04F79EFBC}") = "Autofac", "Autofac\Autofac.csproj", "{A66ECFC2-95B6-4831-BAC1-F1364EBBCE99}"
EndProject
Project("{FAE04EC0-301F-11D3-BF4B-00C04F79EFBC}") = "ASync", "ASync\ASync.csproj", "{1BA220B7-A9D7-498D-8373-D95554309ED4}"
EndProject
Global
	GlobalSection(SolutionConfigurationPlatforms) = preSolution
		Debug|Any CPU = Debug|Any CPU
		Release|Any CPU = Release|Any CPU
	EndGlobalSection
	GlobalSection(ProjectConfigurationPlatforms) = postSolution
		{59393BFA-35BA-4C8E-A2B0-A3A21A8E83F3}.Debug|Any CPU.ActiveCfg = Debug|Any CPU
		{59393BFA-35BA-4C8E-A2B0-A3A21A8E83F3}.Debug|Any CPU.Build.0 = Debug|Any CPU
		{59393BFA-35BA-4C8E-A2B0-A3A21A8E83F3}.Release|Any CPU.ActiveCfg = Release|Any CPU
		{59393BFA-35BA-4C8E-A2B0-A3A21A8E83F3}.Release|Any CPU.Build.0 = Release|Any CPU
		{227A3C7C-7136-4D5B-AF80-B87E0201F661}.Debug|Any CPU.ActiveCfg = Debug|Any CPU
		{227A3C7C-7136-4D5B-AF80-B87E0201F661}.Debug|Any CPU.Build.0 = Debug|Any CPU
		{227A3C7C-7136-4D5B-AF80-B87E0201F661}.Release|Any CPU.ActiveCfg = Release|Any CPU
		{227A3C7C-7136-4D5B-AF80-B87E0201F661}.Release|Any CPU.Build.0 = Release|Any CPU
		{B6C954B1-0102-4DD1-84FC-1CB19ECF2957}.Debug|Any CPU.ActiveCfg = Debug|Any CPU
		{B6C954B1-0102-4DD1-84FC-1CB19ECF2957}.Debug|Any CPU.Build.0 = Debug|Any CPU
		{B6C954B1-0102-4DD1-84FC-1CB19ECF2957}.Release|Any CPU.ActiveCfg = Release|Any CPU
		{B6C954B1-0102-4DD1-84FC-1CB19ECF2957}.Release|Any CPU.Build.0 = Release|Any CPU
		{B21B4789-0B7A-4EA3-82B3-ADB6E1811F69}.Debug|Any CPU.ActiveCfg = Debug|Any CPU
		{B21B4789-0B7A-4EA3-82B3-ADB6E1811F69}.Debug|Any CPU.Build.0 = Debug|Any CPU
		{B21B4789-0B7A-4EA3-82B3-ADB6E1811F69}.Release|Any CPU.ActiveCfg = Release|Any CPU
		{B21B4789-0B7A-4EA3-82B3-ADB6E1811F69}.Release|Any CPU.Build.0 = Release|Any CPU
		{7B820AF3-ED1C-40D1-9AE6-0B1898F4301C}.Debug|Any CPU.ActiveCfg = Debug|Any CPU
		{7B820AF3-ED1C-40D1-9AE6-0B1898F4301C}.Debug|Any CPU.Build.0 = Debug|Any CPU
		{7B820AF3-ED1C-40D1-9AE6-0B1898F4301C}.Release|Any CPU.ActiveCfg = Release|Any CPU
		{7B820AF3-ED1C-40D1-9AE6-0B1898F4301C}.Release|Any CPU.Build.0 = Release|Any CPU
		{49CD19F0-B642-404C-BC1F-08084552C593}.Debug|Any CPU.ActiveCfg = Debug|Any CPU
		{49CD19F0-B642-404C-BC1F-08084552C593}.Debug|Any CPU.Build.0 = Debug|Any CPU
		{49CD19F0-B642-404C-BC1F-08084552C593}.Release|Any CPU.ActiveCfg = Release|Any CPU
		{49CD19F0-B642-404C-BC1F-08084552C593}.Release|Any CPU.Build.0 = Release|Any CPU
		{18F88A60-4F37-4A53-A998-2942CA5318FB}.Debug|Any CPU.ActiveCfg = Debug|Any CPU
		{18F88A60-4F37-4A53-A998-2942CA5318FB}.Debug|Any CPU.Build.0 = Debug|Any CPU
		{18F88A60-4F37-4A53-A998-2942CA5318FB}.Release|Any CPU.ActiveCfg = Release|Any CPU
		{18F88A60-4F37-4A53-A998-2942CA5318FB}.Release|Any CPU.Build.0 = Release|Any CPU
		{629239ED-5BC3-4E6C-81FB-540BE33BE3FA}.Debug|Any CPU.ActiveCfg = Debug|Any CPU
		{629239ED-5BC3-4E6C-81FB-540BE33BE3FA}.Debug|Any CPU.Build.0 = Debug|Any CPU
		{629239ED-5BC3-4E6C-81FB-540BE33BE3FA}.Release|Any CPU.ActiveCfg = Release|Any CPU
		{629239ED-5BC3-4E6C-81FB-540BE33BE3FA}.Release|Any CPU.Build.0 = Release|Any CPU
		{1E4E6D38-E449-4A3C-8B0B-F7D289784D8A}.Debug|Any CPU.ActiveCfg = Debug|Any CPU
		{1E4E6D38-E449-4A3C-8B0B-F7D289784D8A}.Debug|Any CPU.Build.0 = Debug|Any CPU
		{1E4E6D38-E449-4A3C-8B0B-F7D289784D8A}.Release|Any CPU.ActiveCfg = Release|Any CPU
		{1E4E6D38-E449-4A3C-8B0B-F7D289784D8A}.Release|Any CPU.Build.0 = Release|Any CPU
		{B729DD5E-7AF9-4962-BF03-CF099E99908A}.Debug|Any CPU.ActiveCfg = Debug|Any CPU
		{B729DD5E-7AF9-4962-BF03-CF099E99908A}.Debug|Any CPU.Build.0 = Debug|Any CPU
		{B729DD5E-7AF9-4962-BF03-CF099E99908A}.Release|Any CPU.ActiveCfg = Release|Any CPU
		{B729DD5E-7AF9-4962-BF03-CF099E99908A}.Release|Any CPU.Build.0 = Release|Any CPU
		{80DDFAB3-0F2B-4799-BBC4-77F1915FDFF9}.Debug|Any CPU.ActiveCfg = Debug|Any CPU
		{80DDFAB3-0F2B-4799-BBC4-77F1915FDFF9}.Debug|Any CPU.Build.0 = Debug|Any CPU
		{80DDFAB3-0F2B-4799-BBC4-77F1915FDFF9}.Release|Any CPU.ActiveCfg = Release|Any CPU
		{80DDFAB3-0F2B-4799-BBC4-77F1915FDFF9}.Release|Any CPU.Build.0 = Release|Any CPU
		{0CB68121-6E82-4567-815C-D8BDA25587FA}.Debug|Any CPU.ActiveCfg = Debug|Any CPU
		{0CB68121-6E82-4567-815C-D8BDA25587FA}.Debug|Any CPU.Build.0 = Debug|Any CPU
		{0CB68121-6E82-4567-815C-D8BDA25587FA}.Release|Any CPU.ActiveCfg = Release|Any CPU
		{0CB68121-6E82-4567-815C-D8BDA25587FA}.Release|Any CPU.Build.0 = Release|Any CPU
		{E5B66AEE-8165-4213-B7D6-7D26B8C7D32F}.Debug|Any CPU.ActiveCfg = Debug|Any CPU
		{E5B66AEE-8165-4213-B7D6-7D26B8C7D32F}.Debug|Any CPU.Build.0 = Debug|Any CPU
		{E5B66AEE-8165-4213-B7D6-7D26B8C7D32F}.Release|Any CPU.ActiveCfg = Release|Any CPU
		{E5B66AEE-8165-4213-B7D6-7D26B8C7D32F}.Release|Any CPU.Build.0 = Release|Any CPU
		{A66ECFC2-95B6-4831-BAC1-F1364EBBCE99}.Debug|Any CPU.ActiveCfg = Debug|Any CPU
		{A66ECFC2-95B6-4831-BAC1-F1364EBBCE99}.Debug|Any CPU.Build.0 = Debug|Any CPU
		{A66ECFC2-95B6-4831-BAC1-F1364EBBCE99}.Release|Any CPU.ActiveCfg = Release|Any CPU
		{A66ECFC2-95B6-4831-BAC1-F1364EBBCE99}.Release|Any CPU.Build.0 = Release|Any CPU
		{1BA220B7-A9D7-498D-8373-D95554309ED4}.Debug|Any CPU.ActiveCfg = Debug|Any CPU
		{1BA220B7-A9D7-498D-8373-D95554309ED4}.Debug|Any CPU.Build.0 = Debug|Any CPU
		{1BA220B7-A9D7-498D-8373-D95554309ED4}.Release|Any CPU.ActiveCfg = Release|Any CPU
		{1BA220B7-A9D7-498D-8373-D95554309ED4}.Release|Any CPU.Build.0 = Release|Any CPU
	EndGlobalSection
	GlobalSection(SolutionProperties) = preSolution
		HideSolutionNode = FALSE
	EndGlobalSection
EndGlobal
